arterial_territories/ArterialAtlas.nii:
  bytes: 14442416
  fetched: '2026-09-06T00:11:37+00:00'
  sha256: 426f2c59577b4aba631b4b0e9d0c8fd27881930c754fdc46447a3847188534ba
  url: https://raw.githubusercontent.com/Chin-Fu-Liu/Arterial_Atlas/main/data/Atlas_182/ArterialAtlas.nii
arterial_territories/ArterialAtlasLabels.txt:
  bytes: 2830
  fetched: '2026-09-06T00:11:38+00:00'
  sha256: 0665c99177c6dbe83ca4d6658a11a5cd428f7edb6544628c5dbecc3a34fe7233
  url: https://raw.githubusercontent.com/Chin-Fu-Liu/Arterial_Atlas/main/data/ArterialAtlasLables.txt
arterial_territories/ArterialAtlas_level2.nii:
  bytes: 14442416
  fetched: '2026-09-06T00:11:38+00:00'
  sha256: 7ee2773b69af0c625a7221a145662be52d708cf39bd82a861302dbd3b114cc86
  url: https://raw.githubusercontent.com/Chin-Fu-Liu/Arterial_Atlas/main/data/Atlas_182/ArterialAtlas_level2.nii
bodyparts3d/README_e.html:
  bytes: 19263
  fetched: '2026-09-06T00:35:00+00:00'
  sha256: f9a90b4d945ad0fe50db45c712e931aa54e52667187b30d7085b6cc394f40107
  url: https://dbarchive.biosciencedbc.jp/data/bodyparts3d/LATEST/README_e.html
bodyparts3d/isa_BP3D_4.0_obj_99.zip:
  bytes: 142903898
  fetched: '2026-09-06T00:28:38+00:00'
  sha256: 40665852c49f218326590e204db91064a1ecfc3c6f8cbd7bbbcaac62c7cd409e
  url: https://dbarchive.biosciencedbc.jp/data/bodyparts3d/LATEST/isa_BP3D_4.0_obj_99.zip
bodyparts3d/isa_element_parts.txt:
  bytes: 1142159
  fetched: '2026-09-06T00:34:57+00:00'
  sha256: a3de74423f943b0d724ae8f59b3a817f87c423a544f8db98113b1980817cbeaf
  url: https://dbarchive.biosciencedbc.jp/data/bodyparts3d/LATEST/isa_element_parts.txt
bodyparts3d/isa_parts_list_e.txt:
  bytes: 128086
  fetched: '2026-09-06T00:34:59+00:00'
  sha256: ab7796deedd49205e77f3609a1cb8c53e2bbee14ecb5c9a6ca05227469780513
  url: https://dbarchive.biosciencedbc.jp/data/bodyparts3d/LATEST/isa_parts_list_e.txt
bodyparts3d/partof_BP3D_4.0_obj_99.zip:
  bytes: 64888505
  fetched: '2026-09-06T00:34:54+00:00'
  sha256: 9fbc713fffeee924a5a657d9813d84d7eb957bded63adb854931dd5e3eb61c97
  url: https://dbarchive.biosciencedbc.jp/data/bodyparts3d/LATEST/partof_BP3D_4.0_obj_99.zip
bodyparts3d/partof_element_parts.txt:
  bytes: 651179
  fetched: '2026-09-06T00:34:58+00:00'
  sha256: 3f5f6df1028eb122b30de77c711597b6bb8e5541658e5985859fd228adbf88ea
  url: https://dbarchive.biosciencedbc.jp/data/bodyparts3d/LATEST/partof_element_parts.txt
bodyparts3d/partof_parts_list_e.txt:
  bytes: 59351
  fetched: '2026-09-06T00:34:59+00:00'
  sha256: 9224080557053e6f1322f1e13ab27f0ecde0db19bb3b505f0631afad230eeebd
  url: https://dbarchive.biosciencedbc.jp/data/bodyparts3d/LATEST/partof_parts_list_e.txt
cit168/CIT168toMNI152-2009c_det.nii.gz:
  bytes: 51026
  fetched: '2026-09-06T00:11:22+00:00'
  sha256: 0072d6ea3c05d1e798743e7d1f732fbc9c50ee6969bc5e68c6bdba3472d26242
  url: https://osf.io/download/vak6p/
cit168/CIT168toMNI152-2009c_prob.nii.gz:
  bytes: 857744
  fetched: '2026-09-06T00:11:30+00:00'
  sha256: 7a91c36701f36d9d908479b862e65a879d15f54badcec6878e61d857ab570f66
  url: https://osf.io/download/w8zq2/
cit168/labels.txt:
  bytes: 123
  fetched: '2026-09-06T00:11:35+00:00'
  sha256: 5e00265a7bbbdf242356345e0f6615d84791ada54aa9739539096aab3c1e1b41
  url: https://osf.io/download/6qrcb/
diedrichsen_cerebellum/atl-Anatom.tsv:
  bytes: 767
  fetched: '2026-09-06T00:11:38+00:00'
  sha256: dc682c847972bd37badaa979526cf22a25bc79cdf50f4f49c107391c517fe7ad
  url: https://raw.githubusercontent.com/DiedrichsenLab/cerebellar_atlases/master/Diedrichsen_2009/atl-Anatom.tsv
diedrichsen_cerebellum/atl-Anatom_space-MNI_dseg.nii:
  bytes: 1324108
  fetched: '2026-09-06T00:11:38+00:00'
  sha256: 434471d89ff329e6e14cdecb66998018fe0dcadbbe47781429148d0017598b72
  url: https://raw.githubusercontent.com/DiedrichsenLab/cerebellar_atlases/master/Diedrichsen_2009/atl-Anatom_space-MNI_dseg.nii
harvard_oxford/tpl-MNI152NLin2009cAsym_res-01_atlas-HOCPAL_desc-th25_dseg.nii.gz:
  bytes: 279888
  fetched: '2026-09-06T00:11:17+00:00'
  sha256: fdb9f0785e31f8258367cc9586d3698fbb69550dee6fdffc6451efddefe1f250
  url: https://templateflow.s3.amazonaws.com/tpl-MNI152NLin2009cAsym/tpl-MNI152NLin2009cAsym_res-01_atlas-HOCPAL_desc-th25_dseg.nii.gz
harvard_oxford/tpl-MNI152NLin2009cAsym_res-01_atlas-HOSPA_desc-th25_dseg.nii.gz:
  bytes: 276673
  fetched: '2026-09-06T00:11:17+00:00'
  sha256: 294160208c98f93a8e1cf282282df4e9bae7979cb846a49d91335a7ee09fe7ee
  url: https://templateflow.s3.amazonaws.com/tpl-MNI152NLin2009cAsym/tpl-MNI152NLin2009cAsym_res-01_atlas-HOSPA_desc-th25_dseg.nii.gz
harvard_oxford/tpl-MNI152NLin6Asym_atlas-HOCPAL_dseg.tsv:
  bytes: 2053
  fetched: '2026-09-06T00:11:17+00:00'
  sha256: 91ed5531f39472fa3e39f4f70766b6cf8ad0e22259796a95a92924616c974583
  url: https://templateflow.s3.amazonaws.com/tpl-MNI152NLin6Asym/tpl-MNI152NLin6Asym_atlas-HOCPAL_dseg.tsv
harvard_oxford/tpl-MNI152NLin6Asym_atlas-HOCPA_dseg.tsv:
  bytes: 889
  fetched: '2026-09-06T00:11:17+00:00'
  sha256: e897d3fcdae4675b75527d9767a80a078191dcfb370096e3cae3e1684296f007
  url: https://templateflow.s3.amazonaws.com/tpl-MNI152NLin6Asym/tpl-MNI152NLin6Asym_atlas-HOCPA_dseg.tsv
harvard_oxford/tpl-MNI152NLin6Asym_atlas-HOSPA_dseg.tsv:
  bytes: 678
  fetched: '2026-09-06T00:11:17+00:00'
  sha256: 0503599182be67d206deb8b6c6d3288fa9eecba3e1a158008c649d1836573d25
  url: https://templateflow.s3.amazonaws.com/tpl-MNI152NLin6Asym/tpl-MNI152NLin6Asym_atlas-HOSPA_dseg.tsv
hcp1065_tracts/hcp1065_avg_tracts_nifti.zip:
  bytes: 3372106
  fetched: '2026-09-06T00:11:18+00:00'
  sha256: 81e0ad75add35c96a5bfd9dc6ede10e5482a8dd180eafcdf2d79249926194510
  url: https://github.com/data-others/atlas/releases/download/hcp1065/hcp1065_avg_tracts_nifti.zip
hypothalamus_neudorfer/MNI152b_atlas_labels_0.5mm.nii.gz:
  bytes: 563185
  fetched: '2026-09-06T00:11:20+00:00'
  sha256: 128ff46e2a996345c249456de7536eab03171a147c0a97d0bfe74f3d1953e5df
  url: https://zenodo.org/api/records/3942115/files/MNI152b_atlas_labels_0.5mm.nii.gz/content
hypothalamus_neudorfer/Volumes_names-labels.csv:
  bytes: 2068
  fetched: '2026-09-06T00:11:20+00:00'
  sha256: 31ce37c47edb7aafc0c69661289f2b6e7c12a7c3b6c36c063432333b9ac8a201
  url: https://zenodo.org/api/records/3942115/files/Volumes_names-labels.csv/content
massp/tpl-MNI152NLin2009cAsym_res-01_atlas-MASSP20_dseg.nii.gz:
  bytes: 73686
  fetched: '2026-09-06T00:11:17+00:00'
  sha256: cacd6e263bab6a42483afc1887b175c0d49b1174b2388e23ef553ab38006d8e3
  url: https://templateflow.s3.amazonaws.com/tpl-MNI152NLin2009cAsym/tpl-MNI152NLin2009cAsym_res-01_atlas-MASSP20_dseg.nii.gz
mial_thalamus/tpl-MNI152NLin2009cAsym_atlas-MIAL67ThalamicNuclei_dseg.tsv:
  bytes: 610
  fetched: '2026-09-06T00:11:17+00:00'
  sha256: 34e007a61472ffd69965c984bd3e53bf54405892a2a71ca78d17d4861250e2ca
  url: https://templateflow.s3.amazonaws.com/tpl-MNI152NLin2009cAsym/tpl-MNI152NLin2009cAsym_atlas-MIAL67ThalamicNuclei_dseg.tsv
mial_thalamus/tpl-MNI152NLin2009cAsym_res-01_atlas-MIAL67ThalamicNuclei_dseg.nii.gz:
  bytes: 45949
  fetched: '2026-09-06T00:11:17+00:00'
  sha256: d3be50ff04dc8e5d2355ee965a1b942354d8e5371428d081f85328eb8c27b6dd
  url: https://templateflow.s3.amazonaws.com/tpl-MNI152NLin2009cAsym/tpl-MNI152NLin2009cAsym_res-01_atlas-MIAL67ThalamicNuclei_dseg.nii.gz
mni_aseg/tpl-MNI152NLin2009cAsym_res-01_seg-aseg_dseg.nii.gz:
  bytes: 484957
  fetched: '2026-09-06T00:11:16+00:00'
  sha256: 0bb033414fbbd6df626d063b73801a14c71fb33b83204585f2aa1fbb4aef60dd
  url: https://templateflow.s3.amazonaws.com/tpl-MNI152NLin2009cAsym/tpl-MNI152NLin2009cAsym_res-01_seg-aseg_dseg.nii.gz
mni_t1w/LICENSE.txt:
  bytes: 682
  fetched: '2026-09-06T00:11:16+00:00'
  sha256: 46e280fe1a24c6f37feef2445ed288435e0ad063504a06030b206b12fdd2629d
  url: https://templateflow.s3.amazonaws.com/tpl-MNI152NLin2009cAsym/LICENSE
mni_t1w/tpl-MNI152NLin2009cAsym_res-01_T1w.nii.gz:
  bytes: 13685075
  fetched: '2026-09-06T00:11:15+00:00'
  sha256: 1f27aabea9f7183dc0c69dafa71e1787b921ca778d655d9c1bf302b273d5627a
  url: https://templateflow.s3.amazonaws.com/tpl-MNI152NLin2009cAsym/tpl-MNI152NLin2009cAsym_res-01_T1w.nii.gz
mni_t1w/tpl-MNI152NLin2009cAsym_res-01_T2w.nii.gz:
  bytes: 13286303
  fetched: '2026-09-06T00:11:16+00:00'
  sha256: 6e39951e4478ff041f1290d31935dc05aa5425f9fd3f20ed57d4646f0d5be0ff
  url: https://templateflow.s3.amazonaws.com/tpl-MNI152NLin2009cAsym/tpl-MNI152NLin2009cAsym_res-01_T2w.nii.gz
mni_t1w/tpl-MNI152NLin2009cAsym_res-01_desc-brain_T1w.nii.gz:
  bytes: 3472309
  fetched: '2026-09-06T00:11:16+00:00'
  sha256: 97cee2cf7f51388d76d7b3632c8375d688d0fa171e1bede81fcef23726bb3d73
  url: https://templateflow.s3.amazonaws.com/tpl-MNI152NLin2009cAsym/tpl-MNI152NLin2009cAsym_res-01_desc-brain_T1w.nii.gz
mni_t1w/tpl-MNI152NLin2009cAsym_res-01_desc-brain_mask.nii.gz:
  bytes: 159538
  fetched: '2026-09-06T00:11:16+00:00'
  sha256: e40bb1816736504d4c25abc243c1c8503df1d308f64c048318aa4b829e09a7ae
  url: https://templateflow.s3.amazonaws.com/tpl-MNI152NLin2009cAsym/tpl-MNI152NLin2009cAsym_res-01_desc-brain_mask.nii.gz
mouches_arteries/vesselProbabilities.nii.gz:
  bytes: 10322398
  fetched: '2026-09-06T00:11:41+00:00'
  sha256: a7ed98c5bf75cbd70e334325446f02db503d8a21129cff7276355e4a7ee4b919
  url: https://ndownloader.figshare.com/files/14460467
mouches_arteries/vesselRadius.nii.gz:
  bytes: 19583045
  fetched: '2026-09-06T00:11:44+00:00'
  sha256: b17fee70e63e69b1c24413a01cafa0b26506c384cf464ad53ef72a7378515c4f
  url: https://ndownloader.figshare.com/files/14475920
zanatomy/Z-Anatomy.zip:
  bytes: 86734957
  fetched: '2026-09-06T03:24:59+00:00'
  sha256: e029688545627bd0214b269e1063143abb580aad72b2c2445d6d8a9a0d9da736
  url: https://raw.githubusercontent.com/Z-Anatomy/Models-of-human-anatomy/master/Z-Anatomy.zip
