aan_atlas/AAN_Brainstem_v2p0_Color_LUT_FreeSurfer.txt:
  bytes: 681
  fetched: '2026-09-06T00:00:00+00:00'
  sha256: b6cc5d69748965de155bd68065ff9b0160083318d071d7ae301032eef7770b88
  url: https://datadryad.org/api/v2/files/2419165/download
aan_atlas/AAN_LDTg_L_MNI152_1mm_v2p0.nii:
  bytes: 7221384
  fetched: '2026-09-06T00:00:00+00:00'
  sha256: 692a897993d926debd58b894ac48bff5d8695d3802c4c049f187db131c194b7b
  url: https://datadryad.org/api/v2/files/2419147/download
aan_atlas/AAN_LDTg_R_MNI152_1mm_v2p0.nii:
  bytes: 7221384
  fetched: '2026-09-06T00:00:00+00:00'
  sha256: 7df6137d5514e8a99c4567ef2717b912f77f6b7f6b5710147eabbd2f5096e17e
  url: https://datadryad.org/api/v2/files/2419149/download
aan_atlas/AAN_PBC_L_MNI152_1mm_v2p0.nii:
  bytes: 7221384
  fetched: '2026-09-06T00:00:00+00:00'
  sha256: 2bd1a79f9f024934de74e3da550d3ed7e73eab7567a76d6affef19c3ce1ac3c5
  url: https://datadryad.org/api/v2/files/2419155/download
aan_atlas/AAN_PBC_R_MNI152_1mm_v2p0.nii:
  bytes: 7221384
  fetched: '2026-09-06T00:00:00+00:00'
  sha256: 41647f4b333e4088211af0cfa3e8d1026a56de529f8249171050b2a11ade0a5f
  url: https://datadryad.org/api/v2/files/2419154/download
aan_atlas/AAN_PnO_L_MNI152_1mm_v2p0.nii:
  bytes: 7221384
  fetched: '2026-09-06T00:00:00+00:00'
  sha256: b02137dbc9c7ee84e604fac7b186f8e2a0c45a71265a50d515c184ba9a2a12a0
  url: https://datadryad.org/api/v2/files/2419160/download
aan_atlas/AAN_PnO_R_MNI152_1mm_v2p0.nii:
  bytes: 7221384
  fetched: '2026-09-06T00:00:00+00:00'
  sha256: f4396c4d0f456778209e9f114a47e742f510a6fda4504000e4a555e64fcc9368
  url: https://datadryad.org/api/v2/files/2419159/download
aan_atlas/AAN_mRt_L_MNI152_1mm_v2p0.nii:
  bytes: 7221384
  fetched: '2026-09-06T00:00:00+00:00'
  sha256: 93bd272520268621f710ec54b2bd362649a6c6eacc4ff42704a57733e77b57ba
  url: https://datadryad.org/api/v2/files/2419157/download
aan_atlas/AAN_mRt_R_MNI152_1mm_v2p0.nii:
  bytes: 7221384
  fetched: '2026-09-06T00:00:00+00:00'
  sha256: 11cca2079edf034aa7ad3286572af1e5a1295a10aff9a43f99bee1fd433f4ad9
  url: https://datadryad.org/api/v2/files/2419152/download
aan_atlas/README.md:
  bytes: 4300
  fetched: '2026-09-06T00:00:00+00:00'
  sha256: 9c170b938deaa02571e4869225e52cd2ac271b7023cace1a7035abead46e4007
  url: https://datadryad.org/api/v2/files/2419168/download
arterial_territories/ArterialAtlas.nii:
  bytes: 14442416
  fetched: '2026-09-06T00:11:37+00:00'
  sha256: 426f2c59577b4aba631b4b0e9d0c8fd27881930c754fdc46447a3847188534ba
  url: https://raw.githubusercontent.com/Chin-Fu-Liu/Arterial_Atlas/main/data/Atlas_182/ArterialAtlas.nii
arterial_territories/ArterialAtlasLabels.txt:
  bytes: 2830
  fetched: '2026-09-06T00:11:38+00:00'
  sha256: 0665c99177c6dbe83ca4d6658a11a5cd428f7edb6544628c5dbecc3a34fe7233
  url: https://raw.githubusercontent.com/Chin-Fu-Liu/Arterial_Atlas/main/data/ArterialAtlasLables.txt
arterial_territories/ArterialAtlas_level2.nii:
  bytes: 14442416
  fetched: '2026-09-06T00:11:38+00:00'
  sha256: 7ee2773b69af0c625a7221a145662be52d708cf39bd82a861302dbd3b114cc86
  url: https://raw.githubusercontent.com/Chin-Fu-Liu/Arterial_Atlas/main/data/Atlas_182/ArterialAtlas_level2.nii
bodyparts3d/README_e.html:
  bytes: 19263
  fetched: '2026-09-06T00:35:00+00:00'
  sha256: f9a90b4d945ad0fe50db45c712e931aa54e52667187b30d7085b6cc394f40107
  url: https://dbarchive.biosciencedbc.jp/data/bodyparts3d/LATEST/README_e.html
bodyparts3d/isa_BP3D_4.0_obj_99.zip:
  bytes: 142903898
  fetched: '2026-09-06T00:28:38+00:00'
  sha256: 40665852c49f218326590e204db91064a1ecfc3c6f8cbd7bbbcaac62c7cd409e
  url: https://dbarchive.biosciencedbc.jp/data/bodyparts3d/LATEST/isa_BP3D_4.0_obj_99.zip
bodyparts3d/isa_element_parts.txt:
  bytes: 1142159
  fetched: '2026-09-06T00:34:57+00:00'
  sha256: a3de74423f943b0d724ae8f59b3a817f87c423a544f8db98113b1980817cbeaf
  url: https://dbarchive.biosciencedbc.jp/data/bodyparts3d/LATEST/isa_element_parts.txt
bodyparts3d/isa_parts_list_e.txt:
  bytes: 128086
  fetched: '2026-09-06T00:34:59+00:00'
  sha256: ab7796deedd49205e77f3609a1cb8c53e2bbee14ecb5c9a6ca05227469780513
  url: https://dbarchive.biosciencedbc.jp/data/bodyparts3d/LATEST/isa_parts_list_e.txt
bodyparts3d/partof_BP3D_4.0_obj_99.zip:
  bytes: 64888505
  fetched: '2026-09-06T00:34:54+00:00'
  sha256: 9fbc713fffeee924a5a657d9813d84d7eb957bded63adb854931dd5e3eb61c97
  url: https://dbarchive.biosciencedbc.jp/data/bodyparts3d/LATEST/partof_BP3D_4.0_obj_99.zip
bodyparts3d/partof_element_parts.txt:
  bytes: 651179
  fetched: '2026-09-06T00:34:58+00:00'
  sha256: 3f5f6df1028eb122b30de77c711597b6bb8e5541658e5985859fd228adbf88ea
  url: https://dbarchive.biosciencedbc.jp/data/bodyparts3d/LATEST/partof_element_parts.txt
bodyparts3d/partof_parts_list_e.txt:
  bytes: 59351
  fetched: '2026-09-06T00:34:59+00:00'
  sha256: 9224080557053e6f1322f1e13ab27f0ecde0db19bb3b505f0631afad230eeebd
  url: https://dbarchive.biosciencedbc.jp/data/bodyparts3d/LATEST/partof_parts_list_e.txt
cerebra/LICENSE.txt:
  bytes: 676
  fetched: '2026-09-06T23:07:32+00:00'
  sha256: 5915d16f84d99c3cedc8290b09da72f6f92e5dde1ba1c9859ee186aa952b66a4
  url: https://templateflow.s3.amazonaws.com/tpl-MNI152NLin2009cSym/LICENSE
cerebra/tpl-MNI152NLin2009cSym_atlas-CerebA_dseg.tsv:
  bytes: 5614
  fetched: '2026-09-06T23:07:31+00:00'
  sha256: cf0332a1c2601b5dd97b2f70423b064c762630d02052629f7112789f2fb6d2f7
  url: https://templateflow.s3.amazonaws.com/tpl-MNI152NLin2009cSym/tpl-MNI152NLin2009cSym_atlas-CerebA_dseg.tsv
cerebra/tpl-MNI152NLin2009cSym_res-1_T1w.nii.gz:
  bytes: 4589929
  fetched: '2026-09-06T23:07:32+00:00'
  sha256: 317e112c49d086b971e4a26cba853b041ee210faf750a6fe02e04f15909b6b6b
  url: https://templateflow.s3.amazonaws.com/tpl-MNI152NLin2009cSym/tpl-MNI152NLin2009cSym_res-1_T1w.nii.gz
cerebra/tpl-MNI152NLin2009cSym_res-1_atlas-CerebrA_dseg.nii.gz:
  bytes: 564070
  fetched: '2026-09-06T23:07:31+00:00'
  sha256: c05df93e85b8f1c1446e56f45f0b6a28fdf6e5c8263ea8f365617254bf79ecbf
  url: https://templateflow.s3.amazonaws.com/tpl-MNI152NLin2009cSym/tpl-MNI152NLin2009cSym_res-1_atlas-CerebrA_dseg.nii.gz
cit168/CIT168toMNI152-2009c_det.nii.gz:
  bytes: 51026
  fetched: '2026-09-06T00:11:22+00:00'
  sha256: 0072d6ea3c05d1e798743e7d1f732fbc9c50ee6969bc5e68c6bdba3472d26242
  url: https://osf.io/download/vak6p/
cit168/CIT168toMNI152-2009c_prob.nii.gz:
  bytes: 857744
  fetched: '2026-09-06T00:11:30+00:00'
  sha256: 7a91c36701f36d9d908479b862e65a879d15f54badcec6878e61d857ab570f66
  url: https://osf.io/download/w8zq2/
cit168/labels.txt:
  bytes: 123
  fetched: '2026-09-06T00:11:35+00:00'
  sha256: 5e00265a7bbbdf242356345e0f6615d84791ada54aa9739539096aab3c1e1b41
  url: https://osf.io/download/6qrcb/
diedrichsen_cerebellum/atl-Anatom.tsv:
  bytes: 767
  fetched: '2026-09-06T00:11:38+00:00'
  sha256: dc682c847972bd37badaa979526cf22a25bc79cdf50f4f49c107391c517fe7ad
  url: https://raw.githubusercontent.com/DiedrichsenLab/cerebellar_atlases/master/Diedrichsen_2009/atl-Anatom.tsv
diedrichsen_cerebellum/atl-Anatom_space-MNI_dseg.nii:
  bytes: 1324108
  fetched: '2026-09-06T00:11:38+00:00'
  sha256: 434471d89ff329e6e14cdecb66998018fe0dcadbbe47781429148d0017598b72
  url: https://raw.githubusercontent.com/DiedrichsenLab/cerebellar_atlases/master/Diedrichsen_2009/atl-Anatom_space-MNI_dseg.nii
dkt31_2009casym/tpl-MNI152NLin2009cAsym_from-OASISTRT20_mode-image_xfm.mat:
  bytes: 193
  fetched: '2026-09-06T23:07:32+00:00'
  sha256: 37a56d7ceca8538cf47c32b17d2d12223641666fc7796e64aec71c1d3c1feed5
  url: https://templateflow.s3.amazonaws.com/tpl-MNI152NLin2009cAsym/tpl-MNI152NLin2009cAsym_from-OASISTRT20_mode-image_xfm.mat
dkt31_2009casym/tpl-MNI152NLin2009cAsym_res-02_desc-DKT31_dseg.nii.gz:
  bytes: 91359
  fetched: '2026-09-06T23:07:32+00:00'
  sha256: 866defe588d565ad74a52ec31a6f84d10a6592a3082be62c4884d326e13b6fe7
  url: https://templateflow.s3.amazonaws.com/tpl-MNI152NLin2009cAsym/tpl-MNI152NLin2009cAsym_res-02_desc-DKT31_dseg.nii.gz
harvard_oxford/tpl-MNI152NLin2009cAsym_res-01_atlas-HOCPAL_desc-th25_dseg.nii.gz:
  bytes: 279888
  fetched: '2026-09-06T00:11:17+00:00'
  sha256: fdb9f0785e31f8258367cc9586d3698fbb69550dee6fdffc6451efddefe1f250
  url: https://templateflow.s3.amazonaws.com/tpl-MNI152NLin2009cAsym/tpl-MNI152NLin2009cAsym_res-01_atlas-HOCPAL_desc-th25_dseg.nii.gz
harvard_oxford/tpl-MNI152NLin2009cAsym_res-01_atlas-HOSPA_desc-th25_dseg.nii.gz:
  bytes: 276673
  fetched: '2026-09-06T00:11:17+00:00'
  sha256: 294160208c98f93a8e1cf282282df4e9bae7979cb846a49d91335a7ee09fe7ee
  url: https://templateflow.s3.amazonaws.com/tpl-MNI152NLin2009cAsym/tpl-MNI152NLin2009cAsym_res-01_atlas-HOSPA_desc-th25_dseg.nii.gz
harvard_oxford/tpl-MNI152NLin6Asym_atlas-HOCPAL_dseg.tsv:
  bytes: 2053
  fetched: '2026-09-06T00:11:17+00:00'
  sha256: 91ed5531f39472fa3e39f4f70766b6cf8ad0e22259796a95a92924616c974583
  url: https://templateflow.s3.amazonaws.com/tpl-MNI152NLin6Asym/tpl-MNI152NLin6Asym_atlas-HOCPAL_dseg.tsv
harvard_oxford/tpl-MNI152NLin6Asym_atlas-HOCPA_dseg.tsv:
  bytes: 889
  fetched: '2026-09-06T00:11:17+00:00'
  sha256: e897d3fcdae4675b75527d9767a80a078191dcfb370096e3cae3e1684296f007
  url: https://templateflow.s3.amazonaws.com/tpl-MNI152NLin6Asym/tpl-MNI152NLin6Asym_atlas-HOCPA_dseg.tsv
harvard_oxford/tpl-MNI152NLin6Asym_atlas-HOSPA_dseg.tsv:
  bytes: 678
  fetched: '2026-09-06T00:11:17+00:00'
  sha256: 0503599182be67d206deb8b6c6d3288fa9eecba3e1a158008c649d1836573d25
  url: https://templateflow.s3.amazonaws.com/tpl-MNI152NLin6Asym/tpl-MNI152NLin6Asym_atlas-HOSPA_dseg.tsv
hcp1065_tracts/hcp1065_avg_tracts_nifti.zip:
  bytes: 3372106
  fetched: '2026-09-06T00:11:18+00:00'
  sha256: 81e0ad75add35c96a5bfd9dc6ede10e5482a8dd180eafcdf2d79249926194510
  url: https://github.com/data-others/atlas/releases/download/hcp1065/hcp1065_avg_tracts_nifti.zip
hypothalamus_neudorfer/MNI152b_atlas_labels_0.5mm.nii.gz:
  bytes: 563185
  fetched: '2026-09-06T00:11:20+00:00'
  sha256: 128ff46e2a996345c249456de7536eab03171a147c0a97d0bfe74f3d1953e5df
  url: https://zenodo.org/api/records/3942115/files/MNI152b_atlas_labels_0.5mm.nii.gz/content
hypothalamus_neudorfer/Volumes_names-labels.csv:
  bytes: 2068
  fetched: '2026-09-06T00:11:20+00:00'
  sha256: 31ce37c47edb7aafc0c69661289f2b6e7c12a7c3b6c36c063432333b9ac8a201
  url: https://zenodo.org/api/records/3942115/files/Volumes_names-labels.csv/content
lc_metamask/LCmetaMask_MNI05_s01f_plus50.nii.gz:
  bytes: 774743
  fetched: '2026-09-06T23:21:14+00:00'
  sha256: 42dc1d49a5d32723db51248895b6e846057f9768b793f5391a3c0e0b968e7d21
  url: https://osf.io/download/k6zyr/
lc_metamask/LCmetaMask_left_MNI05_s01f_plus50.nii.gz:
  bytes: 56599
  fetched: '2026-09-06T23:21:19+00:00'
  sha256: a980abf987da6262b1772f879b391d9db8c61639028491ee76f498e43c530783
  url: https://osf.io/download/tjwbh/
lc_metamask/LCmetaMask_right_MNI05_s01f_plus50.nii.gz:
  bytes: 56557
  fetched: '2026-09-06T23:21:21+00:00'
  sha256: 4d3ca0500345bdf138e8476a04dacc5adafd3ba3e7d0df91bc63bd1287406327
  url: https://osf.io/download/zcrxe/
lumbosacral_fudan/README:
  bytes: 2273
  fetched: '2026-09-07T15:13:21+00:00'
  sha256: 0b184ce76ec1256433a3515f29a4cdb389cf0355e8c72c1e3c1318f90ee827b7
  url: https://ndownloader.figshare.com/files/48012196
lumbosacral_fudan/anatqc.zip:
  bytes: 39533
  fetched: '2026-09-07T15:13:22+00:00'
  sha256: bd344c96f4bbc02f97f7078e0c89fcf251ecc84518f9c6424faf256000c156e6
  url: https://ndownloader.figshare.com/files/48012544
lumbosacral_fudan/dataset_description.json:
  bytes: 1402
  fetched: '2026-09-07T15:13:21+00:00'
  sha256: b91aa068b6ef53137c218f4803121ea6e9839acf3cfba03d2d15f4c63e7cf0c5
  url: https://ndownloader.figshare.com/files/48013579
lumbosacral_fudan/inter-annotators_variability.xlsx:
  bytes: 12410
  fetched: '2026-09-07T15:13:24+00:00'
  sha256: 6167c4f2de7a8c5790dc620f4535b470ecd82d881c965b989edc0f340a0e83ff
  url: https://ndownloader.figshare.com/files/48111607
lumbosacral_fudan/markers.zip:
  bytes: 4512571
  fetched: '2026-09-07T15:13:23+00:00'
  sha256: 3d4edfc17469ec374d217743d82f4c39a39bbabb3473a584d37c986418ac5964
  url: https://ndownloader.figshare.com/files/48012541
lumbosacral_fudan/rawdata.zip:
  bytes: 1212777406
  fetched: '2026-09-07T15:14:42+00:00'
  sha256: c298627fe5032af996542a52ab46115d80c4f493d394c69025f95aceba016aa2
  url: https://ndownloader.figshare.com/files/48013288
massp/tpl-MNI152NLin2009cAsym_res-01_atlas-MASSP20_dseg.nii.gz:
  bytes: 73686
  fetched: '2026-09-06T00:11:17+00:00'
  sha256: cacd6e263bab6a42483afc1887b175c0d49b1174b2388e23ef553ab38006d8e3
  url: https://templateflow.s3.amazonaws.com/tpl-MNI152NLin2009cAsym/tpl-MNI152NLin2009cAsym_res-01_atlas-MASSP20_dseg.nii.gz
massp/tpl-MNI152NLin2009cAsym_res-01_atlas-MASSP20_dseg.tsv:
  bytes: 1526
  fetched: '2026-09-09T12:05:30+00:00'
  sha256: bedfe29cd1afd171aeffa9c87e8c87f5fbae51fa67f180018cb5baa319c7930c
  url: https://templateflow.s3.amazonaws.com/tpl-MNI152NLin2009cAsym/tpl-MNI152NLin2009cAsym_res-01_atlas-MASSP20_dseg.tsv
mial_thalamus/tpl-MNI152NLin2009cAsym_atlas-MIAL67ThalamicNuclei_dseg.tsv:
  bytes: 610
  fetched: '2026-09-06T00:11:17+00:00'
  sha256: 34e007a61472ffd69965c984bd3e53bf54405892a2a71ca78d17d4861250e2ca
  url: https://templateflow.s3.amazonaws.com/tpl-MNI152NLin2009cAsym/tpl-MNI152NLin2009cAsym_atlas-MIAL67ThalamicNuclei_dseg.tsv
mial_thalamus/tpl-MNI152NLin2009cAsym_res-01_atlas-MIAL67ThalamicNuclei_dseg.nii.gz:
  bytes: 45949
  fetched: '2026-09-06T00:11:17+00:00'
  sha256: d3be50ff04dc8e5d2355ee965a1b942354d8e5371428d081f85328eb8c27b6dd
  url: https://templateflow.s3.amazonaws.com/tpl-MNI152NLin2009cAsym/tpl-MNI152NLin2009cAsym_res-01_atlas-MIAL67ThalamicNuclei_dseg.nii.gz
mni_aseg/tpl-MNI152NLin2009cAsym_res-01_seg-aseg_dseg.nii.gz:
  bytes: 484957
  fetched: '2026-09-06T00:11:16+00:00'
  sha256: 0bb033414fbbd6df626d063b73801a14c71fb33b83204585f2aa1fbb4aef60dd
  url: https://templateflow.s3.amazonaws.com/tpl-MNI152NLin2009cAsym/tpl-MNI152NLin2009cAsym_res-01_seg-aseg_dseg.nii.gz
mni_t1w/LICENSE.txt:
  bytes: 682
  fetched: '2026-09-06T00:11:16+00:00'
  sha256: 46e280fe1a24c6f37feef2445ed288435e0ad063504a06030b206b12fdd2629d
  url: https://templateflow.s3.amazonaws.com/tpl-MNI152NLin2009cAsym/LICENSE
mni_t1w/tpl-MNI152NLin2009cAsym_res-01_T1w.nii.gz:
  bytes: 13685075
  fetched: '2026-09-06T00:11:15+00:00'
  sha256: 1f27aabea9f7183dc0c69dafa71e1787b921ca778d655d9c1bf302b273d5627a
  url: https://templateflow.s3.amazonaws.com/tpl-MNI152NLin2009cAsym/tpl-MNI152NLin2009cAsym_res-01_T1w.nii.gz
mni_t1w/tpl-MNI152NLin2009cAsym_res-01_T2w.nii.gz:
  bytes: 13286303
  fetched: '2026-09-06T00:11:16+00:00'
  sha256: 6e39951e4478ff041f1290d31935dc05aa5425f9fd3f20ed57d4646f0d5be0ff
  url: https://templateflow.s3.amazonaws.com/tpl-MNI152NLin2009cAsym/tpl-MNI152NLin2009cAsym_res-01_T2w.nii.gz
mni_t1w/tpl-MNI152NLin2009cAsym_res-01_desc-brain_T1w.nii.gz:
  bytes: 3472309
  fetched: '2026-09-06T00:11:16+00:00'
  sha256: 97cee2cf7f51388d76d7b3632c8375d688d0fa171e1bede81fcef23726bb3d73
  url: https://templateflow.s3.amazonaws.com/tpl-MNI152NLin2009cAsym/tpl-MNI152NLin2009cAsym_res-01_desc-brain_T1w.nii.gz
mni_t1w/tpl-MNI152NLin2009cAsym_res-01_desc-brain_mask.nii.gz:
  bytes: 159538
  fetched: '2026-09-06T00:11:16+00:00'
  sha256: e40bb1816736504d4c25abc243c1c8503df1d308f64c048318aa4b829e09a7ae
  url: https://templateflow.s3.amazonaws.com/tpl-MNI152NLin2009cAsym/tpl-MNI152NLin2009cAsym_res-01_desc-brain_mask.nii.gz
mouches_arteries/vesselProbabilities.nii.gz:
  bytes: 10322398
  fetched: '2026-09-06T00:11:41+00:00'
  sha256: a7ed98c5bf75cbd70e334325446f02db503d8a21129cff7276355e4a7ee4b919
  url: https://ndownloader.figshare.com/files/14460467
mouches_arteries/vesselRadius.nii.gz:
  bytes: 19583045
  fetched: '2026-09-06T00:11:44+00:00'
  sha256: b17fee70e63e69b1c24413a01cafa0b26506c384cf464ad53ef72a7378515c4f
  url: https://ndownloader.figshare.com/files/14475920
pam50/PAM50-r20250730.zip:
  bytes: 103754281
  fetched: '2026-09-06T20:17:49+00:00'
  sha256: 8347c7a240a54e7c44ecd9cc43ef7c3c650784757bf9ed8c8bb2f8587dfc8846
  url: https://github.com/spinalcordtoolbox/PAM50/releases/download/r20250730/PAM50-r20250730.zip
spine_generic/LICENSE_spine-generic.txt:
  bytes: 18656
  fetched: '2026-09-07T01:10:57+00:00'
  sha256: 9e5f1b3c610b9c2da5c313bf81d577a7d1acec686bdb0384edefa6df0f90cd94
  url: https://raw.githubusercontent.com/spine-generic/data-multi-subject/718cbe8f3f8e8f6d57f89b35c9cfb199c93a20bf/LICENSE
spine_generic/dataset_description.json:
  bytes: 3467
  fetched: '2026-09-07T01:10:57+00:00'
  sha256: 0422ccc01c30e408a5a4e38713de90f2a16126a022365bdc009fceb3336af58c
  url: https://raw.githubusercontent.com/spine-generic/data-multi-subject/718cbe8f3f8e8f6d57f89b35c9cfb199c93a20bf/dataset_description.json
spine_generic/sub-balgrist01_T2w.nii.gz:
  bytes: 22933875
  fetched: '2026-09-07T01:11:00+00:00'
  sha256: b1b681f3cb5803eca741c24a862e56444784606a9c0e872f2eb3f825d37d032a
  url: https://object-arbutus.alliancecan.ca/4f21233170e74c7d8653d790029d4ce2:def-jcohen-data-multi-subject/SHA256E-s22933875--b1b681f3cb5803eca741c24a862e56444784606a9c0e872f2eb3f825d37d032a.nii.gz
spine_generic/sub-balgrist01_T2w_label-SC_seg.nii.gz:
  bytes: 36513
  fetched: '2026-09-07T01:11:00+00:00'
  sha256: 4be40587a3970cf5194d54649636bae1ab377519907075a1a78c3e64275a4978
  url: https://object-arbutus.alliancecan.ca/4f21233170e74c7d8653d790029d4ce2:def-jcohen-data-multi-subject/SHA256E-s36513--4be40587a3970cf5194d54649636bae1ab377519907075a1a78c3e64275a4978.nii.gz
spine_generic/sub-balgrist01_T2w_label-discs_dlabel.nii.gz:
  bytes: 28893
  fetched: '2026-09-07T01:11:00+00:00'
  sha256: 0e5e641ae965cdb411703786ea773284e8288412999d8a46f9a843b671706e0e
  url: https://object-arbutus.alliancecan.ca/4f21233170e74c7d8653d790029d4ce2:def-jcohen-data-multi-subject/SHA256E-s28893--0e5e641ae965cdb411703786ea773284e8288412999d8a46f9a843b671706e0e.nii.gz
spine_generic/sub-balgrist01_T2w_label-rootlets_dseg.nii.gz:
  bytes: 32300
  fetched: '2026-09-07T01:11:00+00:00'
  sha256: b99099f287f43efdf5e80abb0b27acdffa6019ad47bd731edfcd1c45d7709edf
  url: https://object-arbutus.alliancecan.ca/4f21233170e74c7d8653d790029d4ce2:def-jcohen-data-multi-subject/SHA256E-s32300--b99099f287f43efdf5e80abb0b27acdffa6019ad47bd731edfcd1c45d7709edf.nii.gz
spine_generic/sub-balgrist02_T2w.nii.gz:
  bytes: 20884093
  fetched: '2026-09-07T01:11:02+00:00'
  sha256: 90ab250854fa6be5009b29d3445882464983d3c867afad1d2edbc401d6017b02
  url: https://object-arbutus.alliancecan.ca/4f21233170e74c7d8653d790029d4ce2:def-jcohen-data-multi-subject/SHA256E-s20884093--90ab250854fa6be5009b29d3445882464983d3c867afad1d2edbc401d6017b02.nii.gz
spine_generic/sub-balgrist02_T2w_label-SC_seg.nii.gz:
  bytes: 37171
  fetched: '2026-09-07T01:11:02+00:00'
  sha256: a32d4cf21de6d5abfbee010d72d983abbe3de7293efc2ac80fcad61418e01868
  url: https://object-arbutus.alliancecan.ca/4f21233170e74c7d8653d790029d4ce2:def-jcohen-data-multi-subject/SHA256E-s37171--a32d4cf21de6d5abfbee010d72d983abbe3de7293efc2ac80fcad61418e01868.nii.gz
spine_generic/sub-balgrist02_T2w_label-discs_dlabel.nii.gz:
  bytes: 28867
  fetched: '2026-09-07T01:11:02+00:00'
  sha256: f6473d3730d1fca3914f5e8fda4b0a5db32d92c3935051c4f1ec465cda527445
  url: https://object-arbutus.alliancecan.ca/4f21233170e74c7d8653d790029d4ce2:def-jcohen-data-multi-subject/SHA256E-s28867--f6473d3730d1fca3914f5e8fda4b0a5db32d92c3935051c4f1ec465cda527445.nii.gz
spine_generic/sub-balgrist02_T2w_label-rootlets_dseg.nii.gz:
  bytes: 32390
  fetched: '2026-09-07T01:11:02+00:00'
  sha256: f97606c675cf148462a892aeb46b53fd5c717ef717bc3fd72c83272d32f77ee2
  url: https://object-arbutus.alliancecan.ca/4f21233170e74c7d8653d790029d4ce2:def-jcohen-data-multi-subject/SHA256E-s32390--f97606c675cf148462a892aeb46b53fd5c717ef717bc3fd72c83272d32f77ee2.nii.gz
spine_generic/sub-balgrist03_T2w.nii.gz:
  bytes: 11342180
  fetched: '2026-09-07T01:11:03+00:00'
  sha256: aef09ce8e8eee1c93497f90decbdbcb80001b834feeba28afd8583d0f508bc17
  url: https://object-arbutus.alliancecan.ca/4f21233170e74c7d8653d790029d4ce2:def-jcohen-data-multi-subject/SHA256E-s11342180--aef09ce8e8eee1c93497f90decbdbcb80001b834feeba28afd8583d0f508bc17.nii.gz
spine_generic/sub-balgrist03_T2w_label-SC_seg.nii.gz:
  bytes: 36847
  fetched: '2026-09-07T01:11:03+00:00'
  sha256: 830d252034afa23466b429de8a1fc4809fc5a1c5db01346d01785f19efcfbd6e
  url: https://object-arbutus.alliancecan.ca/4f21233170e74c7d8653d790029d4ce2:def-jcohen-data-multi-subject/SHA256E-s36847--830d252034afa23466b429de8a1fc4809fc5a1c5db01346d01785f19efcfbd6e.nii.gz
spine_generic/sub-balgrist03_T2w_label-discs_dlabel.nii.gz:
  bytes: 28859
  fetched: '2026-09-07T01:11:03+00:00'
  sha256: 6d97506c8dabe1bdc4cea971e0619c69d216b3dfefb7abf01fb15361cca6671e
  url: https://object-arbutus.alliancecan.ca/4f21233170e74c7d8653d790029d4ce2:def-jcohen-data-multi-subject/SHA256E-s28859--6d97506c8dabe1bdc4cea971e0619c69d216b3dfefb7abf01fb15361cca6671e.nii.gz
spine_generic/sub-balgrist03_T2w_label-rootlets_dseg.nii.gz:
  bytes: 32186
  fetched: '2026-09-07T01:11:04+00:00'
  sha256: 3beba35f67da956d4f1d3561ae9f0f2d82bab472622b66996a729a87f409ca79
  url: https://object-arbutus.alliancecan.ca/4f21233170e74c7d8653d790029d4ce2:def-jcohen-data-multi-subject/SHA256E-s32186--3beba35f67da956d4f1d3561ae9f0f2d82bab472622b66996a729a87f409ca79.nii.gz
spine_generic/sub-balgrist04_T2w.nii.gz:
  bytes: 17929938
  fetched: '2026-09-07T01:11:05+00:00'
  sha256: 732a163f9d80dac4d01f10d7262e51fa24f2dfd9880008ce468d7ecf8a6eafc7
  url: https://object-arbutus.alliancecan.ca/4f21233170e74c7d8653d790029d4ce2:def-jcohen-data-multi-subject/SHA256E-s17929938--732a163f9d80dac4d01f10d7262e51fa24f2dfd9880008ce468d7ecf8a6eafc7.nii.gz
spine_generic/sub-balgrist04_T2w_label-SC_seg.nii.gz:
  bytes: 37535
  fetched: '2026-09-07T01:11:05+00:00'
  sha256: d2792c418c2d133278e2e99d6f9bb92eb0fde6748afa21cc66b59a492fda6800
  url: https://object-arbutus.alliancecan.ca/4f21233170e74c7d8653d790029d4ce2:def-jcohen-data-multi-subject/SHA256E-s37535--d2792c418c2d133278e2e99d6f9bb92eb0fde6748afa21cc66b59a492fda6800.nii.gz
spine_generic/sub-balgrist04_T2w_label-discs_dlabel.nii.gz:
  bytes: 28892
  fetched: '2026-09-07T01:11:05+00:00'
  sha256: 0a5d2c29fa7431b696e76fe31915c6aaf8f6b903affe23268cf60fee9d16a045
  url: https://object-arbutus.alliancecan.ca/4f21233170e74c7d8653d790029d4ce2:def-jcohen-data-multi-subject/SHA256E-s28892--0a5d2c29fa7431b696e76fe31915c6aaf8f6b903affe23268cf60fee9d16a045.nii.gz
spine_generic/sub-balgrist04_T2w_label-rootlets_dseg.nii.gz:
  bytes: 33384
  fetched: '2026-09-07T01:11:05+00:00'
  sha256: 429c9e5f08d8308dc3022d0be888de3a530df2751da194e448537a593d5a65c8
  url: https://object-arbutus.alliancecan.ca/4f21233170e74c7d8653d790029d4ce2:def-jcohen-data-multi-subject/SHA256E-s33384--429c9e5f08d8308dc3022d0be888de3a530df2751da194e448537a593d5a65c8.nii.gz
spine_generic/sub-balgrist06_T2w.nii.gz:
  bytes: 10224433
  fetched: '2026-09-07T01:11:06+00:00'
  sha256: 19328d4f3799e1ae7b6dfd2bbfef5fa1c91434523948b37c1cffca7381d9b9f6
  url: https://object-arbutus.alliancecan.ca/4f21233170e74c7d8653d790029d4ce2:def-jcohen-data-multi-subject/SHA256E-s10224433--19328d4f3799e1ae7b6dfd2bbfef5fa1c91434523948b37c1cffca7381d9b9f6.nii.gz
spine_generic/sub-balgrist06_T2w_label-SC_seg.nii.gz:
  bytes: 36929
  fetched: '2026-09-07T01:11:07+00:00'
  sha256: 02629af4b689ac1146aaddf74e1a7ac42ae557f0b8e2b3bfc84771b6847f6a69
  url: https://object-arbutus.alliancecan.ca/4f21233170e74c7d8653d790029d4ce2:def-jcohen-data-multi-subject/SHA256E-s36929--02629af4b689ac1146aaddf74e1a7ac42ae557f0b8e2b3bfc84771b6847f6a69.nii.gz
spine_generic/sub-balgrist06_T2w_label-discs_dlabel.nii.gz:
  bytes: 28868
  fetched: '2026-09-07T01:11:07+00:00'
  sha256: 45f5b4c9b6d0e387beb31f51786548e89b53fe17e9ac7fd08735c5ab29b7a6da
  url: https://object-arbutus.alliancecan.ca/4f21233170e74c7d8653d790029d4ce2:def-jcohen-data-multi-subject/SHA256E-s28868--45f5b4c9b6d0e387beb31f51786548e89b53fe17e9ac7fd08735c5ab29b7a6da.nii.gz
spine_generic/sub-balgrist06_T2w_label-rootlets_dseg.nii.gz:
  bytes: 32179
  fetched: '2026-09-07T01:11:07+00:00'
  sha256: 3c3a06a77558f2348dfd62206df111272ecf5b66fc3436752cd00eb1123934b8
  url: https://object-arbutus.alliancecan.ca/4f21233170e74c7d8653d790029d4ce2:def-jcohen-data-multi-subject/SHA256E-s32179--3c3a06a77558f2348dfd62206df111272ecf5b66fc3436752cd00eb1123934b8.nii.gz
spine_generic/sub-cardiff02_T2w.nii.gz:
  bytes: 10609917
  fetched: '2026-09-07T01:11:08+00:00'
  sha256: 863eff5eedbd02e465bee72fb601029142c6de733f42be6b9d0a5e2738551fea
  url: https://object-arbutus.alliancecan.ca/4f21233170e74c7d8653d790029d4ce2:def-jcohen-data-multi-subject/SHA256E-s10609917--863eff5eedbd02e465bee72fb601029142c6de733f42be6b9d0a5e2738551fea.nii.gz
spine_generic/sub-cardiff02_T2w_label-SC_seg.nii.gz:
  bytes: 37309
  fetched: '2026-09-07T01:11:08+00:00'
  sha256: 133d0833b071c5b363e65bca8e626df8ef10a3259ffaaa8b44aa5d7afd0bcdb5
  url: https://object-arbutus.alliancecan.ca/4f21233170e74c7d8653d790029d4ce2:def-jcohen-data-multi-subject/SHA256E-s37309--133d0833b071c5b363e65bca8e626df8ef10a3259ffaaa8b44aa5d7afd0bcdb5.nii.gz
spine_generic/sub-cardiff02_T2w_label-discs_dlabel.nii.gz:
  bytes: 28895
  fetched: '2026-09-07T01:11:09+00:00'
  sha256: c9ec278372bc7f274ce7e65923ff1b165869bc5ac60a14e0c83494df52f68afe
  url: https://object-arbutus.alliancecan.ca/4f21233170e74c7d8653d790029d4ce2:def-jcohen-data-multi-subject/SHA256E-s28895--c9ec278372bc7f274ce7e65923ff1b165869bc5ac60a14e0c83494df52f68afe.nii.gz
spine_generic/sub-cardiff02_T2w_label-rootlets_dseg.nii.gz:
  bytes: 32119
  fetched: '2026-09-07T01:11:09+00:00'
  sha256: 9568b33b53720f641029c030de90f584999ccc4236fe446d6f54cc5f1f055e36
  url: https://object-arbutus.alliancecan.ca/4f21233170e74c7d8653d790029d4ce2:def-jcohen-data-multi-subject/SHA256E-s32119--9568b33b53720f641029c030de90f584999ccc4236fe446d6f54cc5f1f055e36.nii.gz
spine_generic/sub-cardiff04_T2w.nii.gz:
  bytes: 10319599
  fetched: '2026-09-07T01:11:10+00:00'
  sha256: f33f3a0a595796eb3506371fc2c5842a9efae22c20181462d81258e0b43bd94b
  url: https://object-arbutus.alliancecan.ca/4f21233170e74c7d8653d790029d4ce2:def-jcohen-data-multi-subject/SHA256E-s10319599--f33f3a0a595796eb3506371fc2c5842a9efae22c20181462d81258e0b43bd94b.nii.gz
spine_generic/sub-cardiff04_T2w_label-SC_seg.nii.gz:
  bytes: 37831
  fetched: '2026-09-07T01:11:10+00:00'
  sha256: edbf9a98dcd90a2e79422c5c345f27461dbcb5d1d06809af999c0919fcd7b862
  url: https://object-arbutus.alliancecan.ca/4f21233170e74c7d8653d790029d4ce2:def-jcohen-data-multi-subject/SHA256E-s37831--edbf9a98dcd90a2e79422c5c345f27461dbcb5d1d06809af999c0919fcd7b862.nii.gz
spine_generic/sub-cardiff04_T2w_label-discs_dlabel.nii.gz:
  bytes: 28895
  fetched: '2026-09-07T01:11:10+00:00'
  sha256: f213a633a06b00814daaed34fc0ef1a8519054e64adf14bf2f10cdd4f62b5338
  url: https://object-arbutus.alliancecan.ca/4f21233170e74c7d8653d790029d4ce2:def-jcohen-data-multi-subject/SHA256E-s28895--f213a633a06b00814daaed34fc0ef1a8519054e64adf14bf2f10cdd4f62b5338.nii.gz
spine_generic/sub-cardiff04_T2w_label-rootlets_dseg.nii.gz:
  bytes: 32194
  fetched: '2026-09-07T01:11:10+00:00'
  sha256: fbf986921743a97253467f95e28febad8acdac9100288455b2674ac3b004be72
  url: https://object-arbutus.alliancecan.ca/4f21233170e74c7d8653d790029d4ce2:def-jcohen-data-multi-subject/SHA256E-s32194--fbf986921743a97253467f95e28febad8acdac9100288455b2674ac3b004be72.nii.gz
spine_generic/sub-cmrra02_T2w.nii.gz:
  bytes: 20251012
  fetched: '2026-09-07T01:11:12+00:00'
  sha256: 37af92c4053e16180e8fa6b9771e47e44fbce026015f993f39c73dcf13377861
  url: https://object-arbutus.alliancecan.ca/4f21233170e74c7d8653d790029d4ce2:def-jcohen-data-multi-subject/SHA256E-s20251012--37af92c4053e16180e8fa6b9771e47e44fbce026015f993f39c73dcf13377861.nii.gz
spine_generic/sub-cmrra02_T2w_label-SC_seg.nii.gz:
  bytes: 38173
  fetched: '2026-09-07T01:11:12+00:00'
  sha256: fb87461add9127fb6d2496f8d50c0970638b5e5d0d0387a5e6340a2e3b674455
  url: https://object-arbutus.alliancecan.ca/4f21233170e74c7d8653d790029d4ce2:def-jcohen-data-multi-subject/SHA256E-s38173--fb87461add9127fb6d2496f8d50c0970638b5e5d0d0387a5e6340a2e3b674455.nii.gz
spine_generic/sub-cmrra02_T2w_label-discs_dlabel.nii.gz:
  bytes: 28885
  fetched: '2026-09-07T01:11:12+00:00'
  sha256: 721791d85f2b3e7ac13d83ff52ed1d6e2602b63d65d6df6dca2d44d3c9c98d0e
  url: https://object-arbutus.alliancecan.ca/4f21233170e74c7d8653d790029d4ce2:def-jcohen-data-multi-subject/SHA256E-s28885--721791d85f2b3e7ac13d83ff52ed1d6e2602b63d65d6df6dca2d44d3c9c98d0e.nii.gz
spine_generic/sub-cmrra02_T2w_label-rootlets_dseg.nii.gz:
  bytes: 33146
  fetched: '2026-09-07T01:11:12+00:00'
  sha256: 0a7defbe32adafbdaef1d2a39a695beaa6522e29a7504c207defa70556002096
  url: https://object-arbutus.alliancecan.ca/4f21233170e74c7d8653d790029d4ce2:def-jcohen-data-multi-subject/SHA256E-s33146--0a7defbe32adafbdaef1d2a39a695beaa6522e29a7504c207defa70556002096.nii.gz
spine_generic/sub-cmrra04_T2w.nii.gz:
  bytes: 16837362
  fetched: '2026-09-07T01:11:13+00:00'
  sha256: fd2e530835ba665c90551eb18c38d0b8acdff6032d2ea67b9883e3833dcc8115
  url: https://object-arbutus.alliancecan.ca/4f21233170e74c7d8653d790029d4ce2:def-jcohen-data-multi-subject/SHA256E-s16837362--fd2e530835ba665c90551eb18c38d0b8acdff6032d2ea67b9883e3833dcc8115.nii.gz
spine_generic/sub-cmrra04_T2w_label-SC_seg.nii.gz:
  bytes: 37197
  fetched: '2026-09-07T01:11:13+00:00'
  sha256: b2434d773d8426907bb349206942864692fbd72d8002244bd3a5c8fed5c3a659
  url: https://object-arbutus.alliancecan.ca/4f21233170e74c7d8653d790029d4ce2:def-jcohen-data-multi-subject/SHA256E-s37197--b2434d773d8426907bb349206942864692fbd72d8002244bd3a5c8fed5c3a659.nii.gz
spine_generic/sub-cmrra04_T2w_label-discs_dlabel.nii.gz:
  bytes: 28892
  fetched: '2026-09-07T01:11:14+00:00'
  sha256: e519bd91a90f04c3fc44f77610e2e771024f935500b85a91d639f24d9e92605d
  url: https://object-arbutus.alliancecan.ca/4f21233170e74c7d8653d790029d4ce2:def-jcohen-data-multi-subject/SHA256E-s28892--e519bd91a90f04c3fc44f77610e2e771024f935500b85a91d639f24d9e92605d.nii.gz
spine_generic/sub-cmrra04_T2w_label-rootlets_dseg.nii.gz:
  bytes: 31679
  fetched: '2026-09-07T01:11:14+00:00'
  sha256: 7b24c6278144053397f5e5434fb07b506085d064ac6188f8c83b16de34e66b1d
  url: https://object-arbutus.alliancecan.ca/4f21233170e74c7d8653d790029d4ce2:def-jcohen-data-multi-subject/SHA256E-s31679--7b24c6278144053397f5e5434fb07b506085d064ac6188f8c83b16de34e66b1d.nii.gz
spine_generic/sub-geneva01_T2w.nii.gz:
  bytes: 20542671
  fetched: '2026-09-07T01:11:15+00:00'
  sha256: 6fa5cfec1693f205922c8f4a9c847af1269fd7a78f3dfdcfe4981d5c5b591556
  url: https://object-arbutus.alliancecan.ca/4f21233170e74c7d8653d790029d4ce2:def-jcohen-data-multi-subject/SHA256E-s20542671--6fa5cfec1693f205922c8f4a9c847af1269fd7a78f3dfdcfe4981d5c5b591556.nii.gz
spine_generic/sub-geneva01_T2w_label-SC_seg.nii.gz:
  bytes: 37597
  fetched: '2026-09-07T01:11:15+00:00'
  sha256: e387f4fb873a4d03d412e7477ed9b26ebb1ed9b1e9e3e90b0e77eeabb5c44938
  url: https://object-arbutus.alliancecan.ca/4f21233170e74c7d8653d790029d4ce2:def-jcohen-data-multi-subject/SHA256E-s37597--e387f4fb873a4d03d412e7477ed9b26ebb1ed9b1e9e3e90b0e77eeabb5c44938.nii.gz
spine_generic/sub-geneva01_T2w_label-discs_dlabel.nii.gz:
  bytes: 28883
  fetched: '2026-09-07T01:11:15+00:00'
  sha256: f08c8f24c5f583087be5640f61675cf960c67f3ae48656a1386b8b300ff6b793
  url: https://object-arbutus.alliancecan.ca/4f21233170e74c7d8653d790029d4ce2:def-jcohen-data-multi-subject/SHA256E-s28883--f08c8f24c5f583087be5640f61675cf960c67f3ae48656a1386b8b300ff6b793.nii.gz
spine_generic/sub-geneva01_T2w_label-rootlets_dseg.nii.gz:
  bytes: 32683
  fetched: '2026-09-07T01:11:16+00:00'
  sha256: a2f2f5c6fd4bd576c58248f1613011fae78d7df05cee228c4ea60c82d8ae3c1a
  url: https://object-arbutus.alliancecan.ca/4f21233170e74c7d8653d790029d4ce2:def-jcohen-data-multi-subject/SHA256E-s32683--a2f2f5c6fd4bd576c58248f1613011fae78d7df05cee228c4ea60c82d8ae3c1a.nii.gz
venat/VENAT_PartialVolume.nii.gz:
  bytes: 77294676
  fetched: '2026-09-06T16:52:12+00:00'
  sha256: af222f62aa94a1bfd873e2822fce0daf472ed632f2c9957b45ad26069be86c35
  url: https://ndownloader.figshare.com/files/13267316
venat/VENAT_diameter.nii.gz:
  bytes: 314223
  fetched: '2026-09-06T16:52:12+00:00'
  sha256: deabc6211777fd8d6e0dfc69321a26ea1ae29adf1c3d3a97772e4ea33f56e978
  url: https://ndownloader.figshare.com/files/13267301
zanatomy/Z-Anatomy.zip:
  bytes: 86734957
  fetched: '2026-09-06T03:24:59+00:00'
  sha256: e029688545627bd0214b269e1063143abb580aad72b2c2445d6d8a9a0d9da736
  url: https://raw.githubusercontent.com/Z-Anatomy/Models-of-human-anatomy/master/Z-Anatomy.zip
